
Microsoft Visual Studio Solution File, Format Version 12.00
# Visual Studio Version 17
VisualStudioVersion = 17.8.34525.116
MinimumVisualStudioVersion = 10.0.40219.1
Project("{FAE04EC0-301F-11D3-BF4B-00C04F79EFBC}") = "Registeration_Day7", "Registeration_Day7\Registeration_Day7.csproj", "{FE89D15F-3308-41BE-AD05-E399473B613C}"
EndProject
Global
	GlobalSection(SolutionConfigurationPlatforms) = preSolution
		Debug|Any CPU = Debug|Any CPU
		Release|Any CPU = Release|Any CPU
	EndGlobalSection
	GlobalSection(ProjectConfigurationPlatforms) = postSolution
		{FE89D15F-3308-41BE-AD05-E399473B613C}.Debug|Any CPU.ActiveCfg = Debug|Any CPU
		{FE89D15F-3308-41BE-AD05-E399473B613C}.Debug|Any CPU.Build.0 = Debug|Any CPU
		{FE89D15F-3308-41BE-AD05-E399473B613C}.Release|Any CPU.ActiveCfg = Release|Any CPU
		{FE89D15F-3308-41BE-AD05-E399473B613C}.Release|Any CPU.Build.0 = Release|Any CPU
	EndGlobalSection
	GlobalSection(SolutionProperties) = preSolution
		HideSolutionNode = FALSE
	EndGlobalSection
	GlobalSection(ExtensibilityGlobals) = postSolution
		SolutionGuid = {466DEDCD-B69D-45AC-9A04-B95EF802F244}
	EndGlobalSection
EndGlobal
