
Microsoft Visual Studio Solution File, Format Version 12.00
# Visual Studio Version 17
VisualStudioVersion = 17.8.34601.278
MinimumVisualStudioVersion = 10.0.40219.1
Project("{FAE04EC0-301F-11D3-BF4B-00C04F79EFBC}") = "Day_5Bouns", "Day_5Bouns\Day_5Bouns.csproj", "{5FBE65E2-2568-4C8A-8155-0CEC07429400}"
EndProject
Global
	GlobalSection(SolutionConfigurationPlatforms) = preSolution
		Debug|Any CPU = Debug|Any CPU
		Release|Any CPU = Release|Any CPU
	EndGlobalSection
	GlobalSection(ProjectConfigurationPlatforms) = postSolution
		{5FBE65E2-2568-4C8A-8155-0CEC07429400}.Debug|Any CPU.ActiveCfg = Debug|Any CPU
		{5FBE65E2-2568-4C8A-8155-0CEC07429400}.Debug|Any CPU.Build.0 = Debug|Any CPU
		{5FBE65E2-2568-4C8A-8155-0CEC07429400}.Release|Any CPU.ActiveCfg = Release|Any CPU
		{5FBE65E2-2568-4C8A-8155-0CEC07429400}.Release|Any CPU.Build.0 = Release|Any CPU
	EndGlobalSection
	GlobalSection(SolutionProperties) = preSolution
		HideSolutionNode = FALSE
	EndGlobalSection
	GlobalSection(ExtensibilityGlobals) = postSolution
		SolutionGuid = {13DD7B61-CE9F-479E-A913-1D5874F62835}
	EndGlobalSection
EndGlobal
