
Microsoft Visual Studio Solution File, Format Version 12.00
# Visual Studio Version 17
VisualStudioVersion = 17.8.34330.188
MinimumVisualStudioVersion = 10.0.40219.1
Project("{FAE04EC0-301F-11D3-BF4B-00C04F79EFBC}") = "Task 2", "Task 2\Task 2.csproj", "{AE459CFE-352A-4EAC-80BA-76A3E2BC7BDA}"
EndProject
Global
	GlobalSection(SolutionConfigurationPlatforms) = preSolution
		Debug|Any CPU = Debug|Any CPU
		Release|Any CPU = Release|Any CPU
	EndGlobalSection
	GlobalSection(ProjectConfigurationPlatforms) = postSolution
		{AE459CFE-352A-4EAC-80BA-76A3E2BC7BDA}.Debug|Any CPU.ActiveCfg = Debug|Any CPU
		{AE459CFE-352A-4EAC-80BA-76A3E2BC7BDA}.Debug|Any CPU.Build.0 = Debug|Any CPU
		{AE459CFE-352A-4EAC-80BA-76A3E2BC7BDA}.Release|Any CPU.ActiveCfg = Release|Any CPU
		{AE459CFE-352A-4EAC-80BA-76A3E2BC7BDA}.Release|Any CPU.Build.0 = Release|Any CPU
	EndGlobalSection
	GlobalSection(SolutionProperties) = preSolution
		HideSolutionNode = FALSE
	EndGlobalSection
	GlobalSection(ExtensibilityGlobals) = postSolution
		SolutionGuid = {E6BD1D96-38B3-462D-B5E5-F506F6E7BC29}
	EndGlobalSection
EndGlobal
