
Microsoft Visual Studio Solution File, Format Version 12.00
# Visual Studio Version 17
VisualStudioVersion = 17.8.34511.84
MinimumVisualStudioVersion = 10.0.40219.1
Project("{FAE04EC0-301F-11D3-BF4B-00C04F79EFBC}") = "StepByStep", "StepByStep\StepByStep.csproj", "{55F61C01-E242-42C1-AB8F-5FFB2B71F98A}"
EndProject
Global
	GlobalSection(SolutionConfigurationPlatforms) = preSolution
		Debug|Any CPU = Debug|Any CPU
		Release|Any CPU = Release|Any CPU
	EndGlobalSection
	GlobalSection(ProjectConfigurationPlatforms) = postSolution
		{55F61C01-E242-42C1-AB8F-5FFB2B71F98A}.Debug|Any CPU.ActiveCfg = Debug|Any CPU
		{55F61C01-E242-42C1-AB8F-5FFB2B71F98A}.Debug|Any CPU.Build.0 = Debug|Any CPU
		{55F61C01-E242-42C1-AB8F-5FFB2B71F98A}.Release|Any CPU.ActiveCfg = Release|Any CPU
		{55F61C01-E242-42C1-AB8F-5FFB2B71F98A}.Release|Any CPU.Build.0 = Release|Any CPU
	EndGlobalSection
	GlobalSection(SolutionProperties) = preSolution
		HideSolutionNode = FALSE
	EndGlobalSection
	GlobalSection(ExtensibilityGlobals) = postSolution
		SolutionGuid = {5AB26C41-682B-43FD-8CA1-C074B3D74434}
	EndGlobalSection
EndGlobal
