
Microsoft Visual Studio Solution File, Format Version 12.00
# Visual Studio Version 17
VisualStudioVersion = 17.8.34525.116
MinimumVisualStudioVersion = 10.0.40219.1
Project("{FAE04EC0-301F-11D3-BF4B-00C04F79EFBC}") = "DataGrid", "DataGruid\DataGrid.csproj", "{8D7ECAB7-C3B2-48A6-839C-60B17FD709AE}"
EndProject
Global
	GlobalSection(SolutionConfigurationPlatforms) = preSolution
		Debug|Any CPU = Debug|Any CPU
		Release|Any CPU = Release|Any CPU
	EndGlobalSection
	GlobalSection(ProjectConfigurationPlatforms) = postSolution
		{8D7ECAB7-C3B2-48A6-839C-60B17FD709AE}.Debug|Any CPU.ActiveCfg = Debug|Any CPU
		{8D7ECAB7-C3B2-48A6-839C-60B17FD709AE}.Debug|Any CPU.Build.0 = Debug|Any CPU
		{8D7ECAB7-C3B2-48A6-839C-60B17FD709AE}.Release|Any CPU.ActiveCfg = Release|Any CPU
		{8D7ECAB7-C3B2-48A6-839C-60B17FD709AE}.Release|Any CPU.Build.0 = Release|Any CPU
	EndGlobalSection
	GlobalSection(SolutionProperties) = preSolution
		HideSolutionNode = FALSE
	EndGlobalSection
	GlobalSection(ExtensibilityGlobals) = postSolution
		SolutionGuid = {76549499-B9DF-4FB7-B0F2-ED8142B684D3}
	EndGlobalSection
EndGlobal
