
Microsoft Visual Studio Solution File, Format Version 12.00
# Visual Studio Version 17
VisualStudioVersion = 17.8.34330.188
MinimumVisualStudioVersion = 10.0.40219.1
Project("{FAE04EC0-301F-11D3-BF4B-00C04F79EFBC}") = "Task 1", "Task 1\Task 1.csproj", "{611C0D85-3965-44D8-AEBF-0E939944FBDA}"
EndProject
Global
	GlobalSection(SolutionConfigurationPlatforms) = preSolution
		Debug|Any CPU = Debug|Any CPU
		Release|Any CPU = Release|Any CPU
	EndGlobalSection
	GlobalSection(ProjectConfigurationPlatforms) = postSolution
		{611C0D85-3965-44D8-AEBF-0E939944FBDA}.Debug|Any CPU.ActiveCfg = Debug|Any CPU
		{611C0D85-3965-44D8-AEBF-0E939944FBDA}.Debug|Any CPU.Build.0 = Debug|Any CPU
		{611C0D85-3965-44D8-AEBF-0E939944FBDA}.Release|Any CPU.ActiveCfg = Release|Any CPU
		{611C0D85-3965-44D8-AEBF-0E939944FBDA}.Release|Any CPU.Build.0 = Release|Any CPU
	EndGlobalSection
	GlobalSection(SolutionProperties) = preSolution
		HideSolutionNode = FALSE
	EndGlobalSection
	GlobalSection(ExtensibilityGlobals) = postSolution
		SolutionGuid = {9B7293D7-8DEC-40A9-A05A-7C1EAD09BAA0}
	EndGlobalSection
EndGlobal
